{
  "version": 4,
  "terraform_version": "1.15.5",
  "serial": 4,
  "lineage": "92408864-5ced-b33c-0e85-da1d57f57dbe",
  "outputs": {
    "worker_ips": {
      "value": [
        "10.136.229.239",
        "10.136.229.178"
      ],
      "type": [
        "tuple",
        [
          "string",
          "string"
        ]
      ]
    }
  },
  "resources": [
    {
      "mode": "managed",
      "type": "local_file",
      "name": "cloud_init",
      "provider": "provider[\"registry.terraform.io/hashicorp/local\"]",
      "instances": [
        {
          "schema_version": 0,
          "attributes": {
            "content": "#cloud-config\nusers:\n  - default\n  - name: ubuntu\n    sudo: ALL=(ALL) NOPASSWD:ALL\n    ssh_authorized_keys:\n      - ssh-rsa AAAAB3NzaC1yc2EAAAADAQABAAACAQCNEdLV2Mhc+zw6fLgnLtUoPq3fiJ/Uwuclo1FIaE5dRil2YKvprenEwQeS67coEOY1aAFWTUTxI4LsVInQF0jBkjsmA4UACV6HZeflEkBE1q97wYR/pF5DqD8F3m9XmE1JcefLzeqoIZYhYqA1JAKx9MD1sDeR1LPV4+TkFenNg3AaErr/97GsFtz2E2a1gTwe3KTsAlX+Lp1rHnO5bYn4jGYajOGvmcSLmA/toSxROBqQcrrec7whlTyQCjPtQWrJOZ0BuVS8bPavAnU9H4mWH5gCP0dRADqn+5/ySpN7WIznjPtE0MPAELW7bNWGMbX/p1iagDgEbPC5wcmNsZ5zrCYYHDXTUq3fu9cMMLsV/bTf7IpcviYdcTRJtO/FQfUrm967BxqPXIXsaxrW33oGG3VPaLObmPTd3k993wp36h7XfouABHKD0h4u0rA7W4yedwaxrsmyqAO789kUaCjfef5GIfoQM+j9enrpK07Hi6V2/1Epp7PbIGw9EP7+OnXRYaw4wfeP7xfm26CEeqLPyx8h3VhzvJ8bDDpMu4Fc+gmSinTpCZ3jZmbkU4S9Km5hvzUphnC9hRm33sxiyZGtw39ixWBeouFANM+IqBUL0P54ortgi0YQmQNSZ2XsOh3TYsiF0B8tV+qctdeDKafuClob4RbsjAMGwQcWPRRMjQ== tripheo@brovo15\n\n",
            "content_base64": null,
            "content_base64sha256": "AeGAJrYANm3HlL37BopAp/GqQCBYfmOc1BYR0TL6MYg=",
            "content_base64sha512": "g6zAXwNRsXxhZ8MjWyukzqSish2LE4wrkvRXwXkE+Xc/FHzr9ReNkfVmI/03Gv57Gi0edcaoPvIh/HYaiX2tRQ==",
            "content_md5": "ad0c404e1694dd6e86119b3b67ec0b22",
            "content_sha1": "faf4ca04ab1b7f84554288d4b73d55246d17af28",
            "content_sha256": "01e18026b600366dc794bdfb068a40a7f1aa4020587e639cd41611d132fa3188",
            "content_sha512": "83acc05f0351b17c6167c3235b2ba4cea4a2b21d8b138c2b92f457c17904f9773f147cebf5178d91f56623fd371afe7b1a2d1e75c6a83ef221fc761a897dad45",
            "directory_permission": "0777",
            "file_permission": "0777",
            "filename": "./cloud-init.yaml",
            "id": "faf4ca04ab1b7f84554288d4b73d55246d17af28",
            "sensitive_content": null,
            "source": null
          },
          "sensitive_attributes": [
            [
              {
                "type": "get_attr",
                "value": "sensitive_content"
              }
            ]
          ],
          "identity_schema_version": 0
        }
      ]
    },
    {
      "mode": "managed",
      "type": "multipass_instance",
      "name": "worker",
      "provider": "provider[\"registry.terraform.io/larstobi/multipass\"]",
      "instances": [
        {
          "index_key": 0,
          "schema_version": 0,
          "attributes": {
            "cloudinit_file": "./cloud-init.yaml",
            "cpus": 2,
            "disk": "15G",
            "image": "jammy",
            "ipv4": "10.136.229.239",
            "memory": "2048M",
            "name": "k3s-worker-1"
          },
          "sensitive_attributes": [],
          "identity_schema_version": 0,
          "dependencies": [
            "local_file.cloud_init"
          ]
        },
        {
          "index_key": 1,
          "schema_version": 0,
          "attributes": {
            "cloudinit_file": "./cloud-init.yaml",
            "cpus": 2,
            "disk": "15G",
            "image": "jammy",
            "ipv4": "10.136.229.178",
            "memory": "2048M",
            "name": "k3s-worker-2"
          },
          "sensitive_attributes": [],
          "identity_schema_version": 0,
          "dependencies": [
            "local_file.cloud_init"
          ]
        }
      ]
    }
  ],
  "check_results": null
}
